// !$*UTF8*$!
{
	archiveVersion = 1;
	classes = {
	};
	objectVersion = 48;
	objects = {

/* Begin PBXBuildFile section */
		C42F79DF20153FA60045AFB6 /* AppDelegate.swift in Sources */ = {isa = PBXBuildFile; fileRef = C42F79DE20153FA60045AFB6 /* AppDelegate.swift */; };
		C42F79E120153FA60045AFB6 /* ViewController.swift in Sources */ = {isa = PBXBuildFile; fileRef = C42F79E020153FA60045AFB6 /* ViewController.swift */; };
		C42F79E420153FA60045AFB6 /* Main.storyboard in Resources */ = {isa = PBXBuildFile; fileRef = C42F79E220153FA60045AFB6 /* Main.storyboard */; };
		C42F79E620153FA70045AFB6 /* Assets.xcassets in Resources */ = {isa = PBXBuildFile; fileRef = C42F79E520153FA70045AFB6 /* Assets.xcassets */; };
		C42F79E920153FA70045AFB6 /* LaunchScreen.storyboard in Resources */ = {isa = PBXBuildFile; fileRef = C42F79E720153FA70045AFB6 /* LaunchScreen.storyboard */; };
		C42F79F220153FC90045AFB6 /* FadedScrollView.swift in Sources */ = {isa = PBXBuildFile; fileRef = C42F79F120153FC80045AFB6 /* FadedScrollView.swift */; };
/* End PBXBuildFile section */

/* Begin PBXFileReference section */
		C42F79DB20153FA60045AFB6 /* FadedScrollViewDemo.app */ = {isa = PBXFileReference; explicitFileType = wrapper.application; includeInIndex = 0; path = FadedScrollViewDemo.app; sourceTree = BUILT_PRODUCTS_DIR; };
		C42F79DE20153FA60045AFB6 /* AppDelegate.swift */ = {isa = PBXFileReference; lastKnownFileType = sourcecode.swift; path = AppDelegate.swift; sourceTree = "<group>"; };
		C42F79E020153FA60045AFB6 /* ViewController.swift */ = {isa = PBXFileReference; lastKnownFileType = sourcecode.swift; path = ViewController.swift; sourceTree = "<group>"; };
		C42F79E320153FA60045AFB6 /* Base */ = {isa = PBXFileReference; lastKnownFileType = file.storyboard; name = Base; path = Base.lproj/Main.storyboard; sourceTree = "<group>"; };
		C42F79E520153FA70045AFB6 /* Assets.xcassets */ = {isa = PBXFileReference; lastKnownFileType = folder.assetcatalog; path = Assets.xcassets; sourceTree = "<group>"; };
		C42F79E820153FA70045AFB6 /* Base */ = {isa = PBXFileReference; lastKnownFileType = file.storyboard; name = Base; path = Base.lproj/LaunchScreen.storyboard; sourceTree = "<group>"; };
		C42F79EA20153FA70045AFB6 /* Info.plist */ = {isa = PBXFileReference; lastKnownFileType = text.plist.xml; path = Info.plist; sourceTree = "<group>"; };
		C42F79F120153FC80045AFB6 /* FadedScrollView.swift */ = {isa = PBXFileReference; lastKnownFileType = sourcecode.swift; path = FadedScrollView.swift; sourceTree = "<group>"; };
/* End PBXFileReference section */

/* Begin PBXFrameworksBuildPhase section */
		C42F79D820153FA60045AFB6 /* Frameworks */ = {
			isa = PBXFrameworksBuildPhase;
			buildActionMask = 2147483647;
			files = (
			);
			runOnlyForDeploymentPostprocessing = 0;
		};
/* End PBXFrameworksBuildPhase section */

/* Begin PBXGroup section */
		C42F79D220153FA60045AFB6 = {
			isa = PBXGroup;
			children = (
				C42F79DD20153FA60045AFB6 /* FadedScrollViewDemo */,
				C42F79DC20153FA60045AFB6 /* Products */,
			);
			sourceTree = "<group>";
		};
		C42F79DC20153FA60045AFB6 /* Products */ = {
			isa = PBXGroup;
			children = (
				C42F79DB20153FA60045AFB6 /* FadedScrollViewDemo.app */,
			);
			name = Products;
			sourceTree = "<group>";
		};
		C42F79DD20153FA60045AFB6 /* FadedScrollViewDemo */ = {
			isa = PBXGroup;
			children = (
				C42F79F020153FB80045AFB6 /* FadedScrollView */,
				C42F79DE20153FA60045AFB6 /* AppDelegate.swift */,
				C42F79E020153FA60045AFB6 /* ViewController.swift */,
				C42F79E220153FA60045AFB6 /* Main.storyboard */,
				C42F79E520153FA70045AFB6 /* Assets.xcassets */,
				C42F79E720153FA70045AFB6 /* LaunchScreen.storyboard */,
				C42F79EA20153FA70045AFB6 /* Info.plist */,
			);
			path = FadedScrollViewDemo;
			sourceTree = "<group>";
		};
		C42F79F020153FB80045AFB6 /* FadedScrollView */ = {
			isa = PBXGroup;
			children = (
				C42F79F120153FC80045AFB6 /* FadedScrollView.swift */,
			);
			path = FadedScrollView;
			sourceTree = "<group>";
		};
/* End PBXGroup section */

/* Begin PBXNativeTarget section */
		C42F79DA20153FA60045AFB6 /* FadedScrollViewDemo */ = {
			isa = PBXNativeTarget;
			buildConfigurationList = C42F79ED20153FA70045AFB6 /* Build configuration list for PBXNativeTarget "FadedScrollViewDemo" */;
			buildPhases = (
				C42F79D720153FA60045AFB6 /* Sources */,
				C42F79D820153FA60045AFB6 /* Frameworks */,
				C42F79D920153FA60045AFB6 /* Resources */,
			);
			buildRules = (
			);
			dependencies = (
			);
			name = FadedScrollViewDemo;
			productName = FadedScrollViewDemo;
			productReference = C42F79DB20153FA60045AFB6 /* FadedScrollViewDemo.app */;
			productType = "com.apple.product-type.application";
		};
/* End PBXNativeTarget section */

/* Begin PBXProject section */
		C42F79D320153FA60045AFB6 /* Project object */ = {
			isa = PBXProject;
			attributes = {
				LastSwiftUpdateCheck = 0920;
				LastUpgradeCheck = 0920;
				ORGANIZATIONNAME = "Vincent Villalta";
				TargetAttributes = {
					C42F79DA20153FA60045AFB6 = {
						CreatedOnToolsVersion = 9.2;
						ProvisioningStyle = Automatic;
					};
				};
			};
			buildConfigurationList = C42F79D620153FA60045AFB6 /* Build configuration list for PBXProject "FadedScrollViewDemo" */;
			compatibilityVersion = "Xcode 8.0";
			developmentRegion = en;
			hasScannedForEncodings = 0;
			knownRegions = (
				en,
				Base,
			);
			mainGroup = C42F79D220153FA60045AFB6;
			productRefGroup = C42F79DC20153FA60045AFB6 /* Products */;
			projectDirPath = "";
			projectRoot = "";
			targets = (
				C42F79DA20153FA60045AFB6 /* FadedScrollViewDemo */,
			);
		};
/* End PBXProject section */

/* Begin PBXResourcesBuildPhase section */
		C42F79D920153FA60045AFB6 /* Resources */ = {
			isa = PBXResourcesBuildPhase;
			buildActionMask = 2147483647;
			files = (
				C42F79E920153FA70045AFB6 /* LaunchScreen.storyboard in Resources */,
				C42F79E620153FA70045AFB6 /* Assets.xcassets in Resources */,
				C42F79E420153FA60045AFB6 /* Main.storyboard in Resources */,
			);
			runOnlyForDeploymentPostprocessing = 0;
		};
/* End PBXResourcesBuildPhase section */

/* Begin PBXSourcesBuildPhase section */
		C42F79D720153FA60045AFB6 /* Sources */ = {
			isa = PBXSourcesBuildPhase;
			buildActionMask = 2147483647;
			files = (
				C42F79E120153FA60045AFB6 /* ViewController.swift in Sources */,
				C42F79F220153FC90045AFB6 /* FadedScrollView.swift in Sources */,
				C42F79DF20153FA60045AFB6 /* AppDelegate.swift in Sources */,
			);
			runOnlyForDeploymentPostprocessing = 0;
		};
/* End PBXSourcesBuildPhase section */

/* Begin PBXVariantGroup section */
		C42F79E220153FA60045AFB6 /* Main.storyboard */ = {
			isa = PBXVariantGroup;
			children = (
				C42F79E320153FA60045AFB6 /* Base */,
			);
			name = Main.storyboard;
			sourceTree = "<group>";
		};
		C42F79E720153FA70045AFB6 /* LaunchScreen.storyboard */ = {
			isa = PBXVariantGroup;
			children = (
				C42F79E820153FA70045AFB6 /* Base */,
			);
			name = LaunchScreen.storyboard;
			sourceTree = "<group>";
		};
/* End PBXVariantGroup section */

/* Begin XCBuildConfiguration section */
		C42F79EB20153FA70045AFB6 /* Debug */ = {
			isa = XCBuildConfiguration;
			buildSettings = {
				ALWAYS_SEARCH_USER_PATHS = NO;
				CLANG_ANALYZER_NONNULL = YES;
				CLANG_ANALYZER_NUMBER_OBJECT_CONVERSION = YES_AGGRESSIVE;
				CLANG_CXX_LANGUAGE_STANDARD = "gnu++14";
				CLANG_CXX_LIBRARY = "libc++";
				CLANG_ENABLE_MODULES = YES;
				CLANG_ENABLE_OBJC_ARC = YES;
				CLANG_WARN_BLOCK_CAPTURE_AUTORELEASING = YES;
				CLANG_WARN_BOOL_CONVERSION = YES;
				CLANG_WARN_COMMA = YES;
				CLANG_WARN_CONSTANT_CONVERSION = YES;
				CLANG_WARN_DIRECT_OBJC_ISA_USAGE = YES_ERROR;
				CLANG_WARN_DOCUMENTATION_COMMENTS = YES;
				CLANG_WARN_EMPTY_BODY = YES;
				CLANG_WARN_ENUM_CONVERSION = YES;
				CLANG_WARN_INFINITE_RECURSION = YES;
				CLANG_WARN_INT_CONVERSION = YES;
				CLANG_WARN_NON_LITERAL_NULL_CONVERSION = YES;
				CLANG_WARN_OBJC_LITERAL_CONVERSION = YES;
				CLANG_WARN_OBJC_ROOT_CLASS = YES_ERROR;
				CLANG_WARN_RANGE_LOOP_ANALYSIS = YES;
				CLANG_WARN_STRICT_PROTOTYPES = YES;
				CLANG_WARN_SUSPICIOUS_MOVE = YES;
				CLANG_WARN_UNGUARDED_AVAILABILITY = YES_AGGRESSIVE;
				CLANG_WARN_UNREACHABLE_CODE = YES;
				CLANG_WARN__DUPLICATE_METHOD_MATCH = YES;
				CODE_SIGN_IDENTITY = "iPhone Developer";
				COPY_PHASE_STRIP = NO;
				DEBUG_INFORMATION_FORMAT = dwarf;
				ENABLE_STRICT_OBJC_MSGSEND = YES;
				ENABLE_TESTABILITY = YES;
				GCC_C_LANGUAGE_STANDARD = gnu11;
				GCC_DYNAMIC_NO_PIC = NO;
				GCC_NO_COMMON_BLOCKS = YES;
				GCC_OPTIMIZATION_LEVEL = 0;
				GCC_PREPROCESSOR_DEFINITIONS = (
					"DEBUG=1",
					"$(inherited)",
				);
				GCC_WARN_64_TO_32_BIT_CONVERSION = YES;
				GCC_WARN_ABOUT_RETURN_TYPE = YES_ERROR;
				GCC_WARN_UNDECLARED_SELECTOR = YES;
				GCC_WARN_UNINITIALIZED_AUTOS = YES_AGGRESSIVE;
				GCC_WARN_UNUSED_FUNCTION = YES;
				GCC_WARN_UNUSED_VARIABLE = YES;
				IPHONEOS_DEPLOYMENT_TARGET = 11.2;
				MTL_ENABLE_DEBUG_INFO = YES;
				ONLY_ACTIVE_ARCH = YES;
				SDKROOT = iphoneos;
				SWIFT_ACTIVE_COMPILATION_CONDITIONS = DEBUG;
				SWIFT_OPTIMIZATION_LEVEL = "-Onone";
			};
			name = Debug;
		};
		C42F79EC20153FA70045AFB6 /* Release */ = {
			isa = XCBuildConfiguration;
			buildSettings = {
				ALWAYS_SEARCH_USER_PATHS = NO;
				CLANG_ANALYZER_NONNULL = YES;
				CLANG_ANALYZER_NUMBER_OBJECT_CONVERSION = YES_AGGRESSIVE;
				CLANG_CXX_LANGUAGE_STANDARD = "gnu++14";
				CLANG_CXX_LIBRARY = "libc++";
				CLANG_ENABLE_MODULES = YES;
				CLANG_ENABLE_OBJC_ARC = YES;
				CLANG_WARN_BLOCK_CAPTURE_AUTORELEASING = YES;
				CLANG_WARN_BOOL_CONVERSION = YES;
				CLANG_WARN_COMMA = YES;
				CLANG_WARN_CONSTANT_CONVERSION = YES;
				CLANG_WARN_DIRECT_OBJC_ISA_USAGE = YES_ERROR;
				CLANG_WARN_DOCUMENTATION_COMMENTS = YES;
				CLANG_WARN_EMPTY_BODY = YES;
				CLANG_WARN_ENUM_CONVERSION = YES;
				CLANG_WARN_INFINITE_RECURSION = YES;
				CLANG_WARN_INT_CONVERSION = YES;
				CLANG_WARN_NON_LITERAL_NULL_CONVERSION = YES;
				CLANG_WARN_OBJC_LITERAL_CONVERSION = YES;
				CLANG_WARN_OBJC_ROOT_CLASS = YES_ERROR;
				CLANG_WARN_RANGE_LOOP_ANALYSIS = YES;
				CLANG_WARN_STRICT_PROTOTYPES = YES;
				CLANG_WARN_SUSPICIOUS_MOVE = YES;
				CLANG_WARN_UNGUARDED_AVAILABILITY = YES_AGGRESSIVE;
				CLANG_WARN_UNREACHABLE_CODE = YES;
				CLANG_WARN__DUPLICATE_METHOD_MATCH = YES;
				CODE_SIGN_IDENTITY = "iPhone Developer";
				COPY_PHASE_STRIP = NO;
				DEBUG_INFORMATION_FORMAT = "dwarf-with-dsym";
				ENABLE_NS_ASSERTIONS = NO;
				ENABLE_STRICT_OBJC_MSGSEND = YES;
				GCC_C_LANGUAGE_STANDARD = gnu11;
				GCC_NO_COMMON_BLOCKS = YES;
				GCC_WARN_64_TO_32_BIT_CONVERSION = YES;
				GCC_WARN_ABOUT_RETURN_TYPE = YES_ERROR;
				GCC_WARN_UNDECLARED_SELECTOR = YES;
				GCC_WARN_UNINITIALIZED_AUTOS = YES_AGGRESSIVE;
				GCC_WARN_UNUSED_FUNCTION = YES;
				GCC_WARN_UNUSED_VARIABLE = YES;
				IPHONEOS_DEPLOYMENT_TARGET = 11.2;
				MTL_ENABLE_DEBUG_INFO = NO;
				SDKROOT = iphoneos;
				SWIFT_OPTIMIZATION_LEVEL = "-Owholemodule";
				VALIDATE_PRODUCT = YES;
			};
			name = Release;
		};
		C42F79EE20153FA70045AFB6 /* Debug */ = {
			isa = XCBuildConfiguration;
			buildSettings = {
				ASSETCATALOG_COMPILER_APPICON_NAME = AppIcon;
				CODE_SIGN_STYLE = Automatic;
				DEVELOPMENT_TEAM = BCF6K6Y7WL;
				INFOPLIST_FILE = FadedScrollViewDemo/Info.plist;
				LD_RUNPATH_SEARCH_PATHS = "$(inherited) @executable_path/Frameworks";
				PRODUCT_BUNDLE_IDENTIFIER = com.vincentvillalta.FadedScrollViewDemo;
				PRODUCT_NAME = "$(TARGET_NAME)";
				SWIFT_VERSION = 4.0;
				TARGETED_DEVICE_FAMILY = "1,2";
			};
			name = Debug;
		};
		C42F79EF20153FA70045AFB6 /* Release */ = {
			isa = XCBuildConfiguration;
			buildSettings = {
				ASSETCATALOG_COMPILER_APPICON_NAME = AppIcon;
				CODE_SIGN_STYLE = Automatic;
				DEVELOPMENT_TEAM = BCF6K6Y7WL;
				INFOPLIST_FILE = FadedScrollViewDemo/Info.plist;
				LD_RUNPATH_SEARCH_PATHS = "$(inherited) @executable_path/Frameworks";
				PRODUCT_BUNDLE_IDENTIFIER = com.vincentvillalta.FadedScrollViewDemo;
				PRODUCT_NAME = "$(TARGET_NAME)";
				SWIFT_VERSION = 4.0;
				TARGETED_DEVICE_FAMILY = "1,2";
			};
			name = Release;
		};
/* End XCBuildConfiguration section */

/* Begin XCConfigurationList section */
		C42F79D620153FA60045AFB6 /* Build configuration list for PBXProject "FadedScrollViewDemo" */ = {
			isa = XCConfigurationList;
			buildConfigurations = (
				C42F79EB20153FA70045AFB6 /* Debug */,
				C42F79EC20153FA70045AFB6 /* Release */,
			);
			defaultConfigurationIsVisible = 0;
			defaultConfigurationName = Release;
		};
		C42F79ED20153FA70045AFB6 /* Build configuration list for PBXNativeTarget "FadedScrollViewDemo" */ = {
			isa = XCConfigurationList;
			buildConfigurations = (
				C42F79EE20153FA70045AFB6 /* Debug */,
				C42F79EF20153FA70045AFB6 /* Release */,
			);
			defaultConfigurationIsVisible = 0;
			defaultConfigurationName = Release;
		};
/* End XCConfigurationList section */
	};
	rootObject = C42F79D320153FA60045AFB6 /* Project object */;
}
